
Microsoft Visual Studio Solution File, Format Version 12.00
# Visual Studio Version 17
VisualStudioVersion = 17.5.33424.131
MinimumVisualStudioVersion = 10.0.40219.1
Project("{FAE04EC0-301F-11D3-BF4B-00C04F79EFBC}") = "HukukBuro", "HukukBuro.csproj", "{CA61FAC8-1D87-4111-829D-C32EDDBB7844}"
EndProject
Global
	GlobalSection(SolutionConfigurationPlatforms) = preSolution
		Debug|Any CPU = Debug|Any CPU
		Release|Any CPU = Release|Any CPU
	EndGlobalSection
	GlobalSection(ProjectConfigurationPlatforms) = postSolution
		{CA61FAC8-1D87-4111-829D-C32EDDBB7844}.Debug|Any CPU.ActiveCfg = Debug|Any CPU
		{CA61FAC8-1D87-4111-829D-C32EDDBB7844}.Debug|Any CPU.Build.0 = Debug|Any CPU
		{CA61FAC8-1D87-4111-829D-C32EDDBB7844}.Release|Any CPU.ActiveCfg = Release|Any CPU
		{CA61FAC8-1D87-4111-829D-C32EDDBB7844}.Release|Any CPU.Build.0 = Release|Any CPU
	EndGlobalSection
	GlobalSection(SolutionProperties) = preSolution
		HideSolutionNode = FALSE
	EndGlobalSection
	GlobalSection(ExtensibilityGlobals) = postSolution
		SolutionGuid = {F131EA7E-494F-4A1A-B69D-07278920B7BE}
	EndGlobalSection
EndGlobal
